
Microsoft Visual Studio Solution File, Format Version 12.00
# Visual Studio Version 17
VisualStudioVersion = 17.9.34728.123
MinimumVisualStudioVersion = 10.0.40219.1
Project("{9A19103F-16F7-4668-BE54-9A1E7A4F7556}") = "campeonatos-futebol", "campeonatos-futebol\campeonatos-futebol.csproj", "{AD35F1A1-56A8-4A63-B72A-264F24E7460E}"
EndProject
Global
	GlobalSection(SolutionConfigurationPlatforms) = preSolution
		Debug|Any CPU = Debug|Any CPU
		Release|Any CPU = Release|Any CPU
	EndGlobalSection
	GlobalSection(ProjectConfigurationPlatforms) = postSolution
		{AD35F1A1-56A8-4A63-B72A-264F24E7460E}.Debug|Any CPU.ActiveCfg = Debug|Any CPU
		{AD35F1A1-56A8-4A63-B72A-264F24E7460E}.Debug|Any CPU.Build.0 = Debug|Any CPU
		{AD35F1A1-56A8-4A63-B72A-264F24E7460E}.Release|Any CPU.ActiveCfg = Release|Any CPU
		{AD35F1A1-56A8-4A63-B72A-264F24E7460E}.Release|Any CPU.Build.0 = Release|Any CPU
	EndGlobalSection
	GlobalSection(SolutionProperties) = preSolution
		HideSolutionNode = FALSE
	EndGlobalSection
	GlobalSection(ExtensibilityGlobals) = postSolution
		SolutionGuid = {D873C6E1-E414-4FA8-B37C-A340C9D1A74C}
	EndGlobalSection
EndGlobal
